{
  "version": 4,
  "terraform_version": "1.0.1",
  "serial": 15,
  "lineage": "2806ae8e-03d1-4242-14f9-cd790ca43b29",
  "outputs": {},
  "resources": [
    {
      "mode": "managed",
      "type": "azurerm_mssql_database",
      "name": "test",
      "provider": "provider[\"registry.terraform.io/hashicorp/azurerm\"]",
      "instances": [
        {
          "schema_version": 1,
          "attributes": {
            "auto_pause_delay_in_minutes": 0,
            "collation": "SQL_Latin1_General_CP1_CI_AS",
            "create_mode": "Default",
            "creation_source_database_id": null,
            "elastic_pool_id": "",
            "extended_auditing_policy": [],
            "geo_backup_enabled": true,
            "id": "/subscriptions/bbd50fd8-6a3e-4d6f-8d20-cf6f43c9c461/resourceGroups/PASSdemo/providers/Microsoft.Sql/servers/jesssqlserver7/databases/tfdb",
            "license_type": "LicenseIncluded",
            "long_term_retention_policy": [
              {
                "monthly_retention": "PT0S",
                "week_of_year": 0,
                "weekly_retention": "PT0S",
                "yearly_retention": "PT0S"
              }
            ],
            "max_size_gb": 4,
            "min_capacity": 0,
            "name": "tfdb",
            "read_replica_count": 0,
            "read_scale": true,
            "recover_database_id": null,
            "restore_dropped_database_id": null,
            "restore_point_in_time": null,
            "sample_name": null,
            "server_id": "/subscriptions/bbd50fd8-6a3e-4d6f-8d20-cf6f43c9c461/resourceGroups/PASSdemo/providers/Microsoft.Sql/servers/jesssqlserver7",
            "short_term_retention_policy": [
              {
                "retention_days": 7
              }
            ],
            "sku_name": "BC_Gen5_2",
            "storage_account_type": "GRS",
            "tags": {
              "CreatedBy": "terraform",
              "test": "true"
            },
            "threat_detection_policy": [
              {
                "disabled_alerts": [],
                "email_account_admins": "Disabled",
                "email_addresses": [],
                "retention_days": 0,
                "state": "Disabled",
                "storage_account_access_key": "",
                "storage_endpoint": "",
                "use_server_default": "Disabled"
              }
            ],
            "timeouts": null,
            "zone_redundant": true
          },
          "sensitive_attributes": [],
          "private": "eyJlMmJmYjczMC1lY2FhLTExZTYtOGY4OC0zNDM2M2JjN2M0YzAiOnsiY3JlYXRlIjozNjAwMDAwMDAwMDAwLCJkZWxldGUiOjM2MDAwMDAwMDAwMDAsInJlYWQiOjMwMDAwMDAwMDAwMCwidXBkYXRlIjozNjAwMDAwMDAwMDAwfSwic2NoZW1hX3ZlcnNpb24iOiIxIn0=",
          "dependencies": [
            "azurerm_mssql_server.example",
            "azurerm_resource_group.example"
          ]
        }
      ]
    },
    {
      "mode": "managed",
      "type": "azurerm_mssql_server",
      "name": "example",
      "provider": "provider[\"registry.terraform.io/hashicorp/azurerm\"]",
      "instances": [
        {
          "schema_version": 0,
          "attributes": {
            "administrator_login": "4dm1n157r470r",
            "administrator_login_password": "4-v3ry-53cr37-p455w0rd",
            "azuread_administrator": [],
            "connection_policy": "Default",
            "extended_auditing_policy": [],
            "fully_qualified_domain_name": "jesssqlserver7.database.windows.net",
            "id": "/subscriptions/bbd50fd8-6a3e-4d6f-8d20-cf6f43c9c461/resourceGroups/PASSdemo/providers/Microsoft.Sql/servers/jesssqlserver7",
            "identity": [],
            "location": "uksouth",
            "minimum_tls_version": "",
            "name": "jesssqlserver7",
            "primary_user_assigned_identity_id": "",
            "public_network_access_enabled": true,
            "resource_group_name": "PASSdemo",
            "restorable_dropped_database_ids": [],
            "tags": null,
            "timeouts": null,
            "version": "12.0"
          },
          "sensitive_attributes": [],
          "private": "eyJlMmJmYjczMC1lY2FhLTExZTYtOGY4OC0zNDM2M2JjN2M0YzAiOnsiY3JlYXRlIjozNjAwMDAwMDAwMDAwLCJkZWxldGUiOjM2MDAwMDAwMDAwMDAsInJlYWQiOjMwMDAwMDAwMDAwMCwidXBkYXRlIjozNjAwMDAwMDAwMDAwfX0=",
          "dependencies": [
            "azurerm_resource_group.example"
          ]
        }
      ]
    },
    {
      "mode": "managed",
      "type": "azurerm_resource_group",
      "name": "example",
      "provider": "provider[\"registry.terraform.io/hashicorp/azurerm\"]",
      "instances": [
        {
          "schema_version": 0,
          "attributes": {
            "id": "/subscriptions/bbd50fd8-6a3e-4d6f-8d20-cf6f43c9c461/resourceGroups/PASSdemo",
            "location": "uksouth",
            "name": "PASSdemo",
            "tags": {},
            "timeouts": null
          },
          "sensitive_attributes": [],
          "private": "eyJlMmJmYjczMC1lY2FhLTExZTYtOGY4OC0zNDM2M2JjN2M0YzAiOnsiY3JlYXRlIjo1NDAwMDAwMDAwMDAwLCJkZWxldGUiOjU0MDAwMDAwMDAwMDAsInJlYWQiOjMwMDAwMDAwMDAwMCwidXBkYXRlIjo1NDAwMDAwMDAwMDAwfX0="
        }
      ]
    }
  ]
}
